
Microsoft Visual Studio Solution File, Format Version 12.00
# Visual Studio Version 17
VisualStudioVersion = 17.3.32929.385
MinimumVisualStudioVersion = 10.0.40219.1
Project("{FAE04EC0-301F-11D3-BF4B-00C04F79EFBC}") = "AddTwoNumbers2", "AddTwoNumbers2.csproj", "{F090346F-FAC7-4D98-96DF-E32D605CEF04}"
EndProject
Global
	GlobalSection(SolutionConfigurationPlatforms) = preSolution
		Debug|Any CPU = Debug|Any CPU
		Release|Any CPU = Release|Any CPU
	EndGlobalSection
	GlobalSection(ProjectConfigurationPlatforms) = postSolution
		{F090346F-FAC7-4D98-96DF-E32D605CEF04}.Debug|Any CPU.ActiveCfg = Debug|Any CPU
		{F090346F-FAC7-4D98-96DF-E32D605CEF04}.Debug|Any CPU.Build.0 = Debug|Any CPU
		{F090346F-FAC7-4D98-96DF-E32D605CEF04}.Release|Any CPU.ActiveCfg = Release|Any CPU
		{F090346F-FAC7-4D98-96DF-E32D605CEF04}.Release|Any CPU.Build.0 = Release|Any CPU
	EndGlobalSection
	GlobalSection(SolutionProperties) = preSolution
		HideSolutionNode = FALSE
	EndGlobalSection
	GlobalSection(ExtensibilityGlobals) = postSolution
		SolutionGuid = {99908AFE-A16B-4FBC-BD14-1B87A156D78F}
	EndGlobalSection
EndGlobal
